
Microsoft Visual Studio Solution File, Format Version 12.00
# Visual Studio Version 16
VisualStudioVersion = 16.0.30225.117
MinimumVisualStudioVersion = 10.0.40219.1
Project("{FAE04EC0-301F-11D3-BF4B-00C04F79EFBC}") = "algoritimo1", "algoritimo1\algoritimo1.csproj", "{D92D6018-6349-4AE0-9E62-0120A30913FE}"
EndProject
Global
	GlobalSection(SolutionConfigurationPlatforms) = preSolution
		Debug|Any CPU = Debug|Any CPU
		Release|Any CPU = Release|Any CPU
	EndGlobalSection
	GlobalSection(ProjectConfigurationPlatforms) = postSolution
		{D92D6018-6349-4AE0-9E62-0120A30913FE}.Debug|Any CPU.ActiveCfg = Debug|Any CPU
		{D92D6018-6349-4AE0-9E62-0120A30913FE}.Debug|Any CPU.Build.0 = Debug|Any CPU
		{D92D6018-6349-4AE0-9E62-0120A30913FE}.Release|Any CPU.ActiveCfg = Release|Any CPU
		{D92D6018-6349-4AE0-9E62-0120A30913FE}.Release|Any CPU.Build.0 = Release|Any CPU
	EndGlobalSection
	GlobalSection(SolutionProperties) = preSolution
		HideSolutionNode = FALSE
	EndGlobalSection
	GlobalSection(ExtensibilityGlobals) = postSolution
		SolutionGuid = {0805D3C4-5B0F-40FC-8EE5-33972D24CA72}
	EndGlobalSection
EndGlobal
